
Microsoft Visual Studio Solution File, Format Version 12.00
# Visual Studio 15
VisualStudioVersion = 15.0.28010.2026
MinimumVisualStudioVersion = 10.0.40219.1
Project("{9A19103F-16F7-4668-BE54-9A1E7A4F7556}") = "API", "API\API.csproj", "{381DBCFF-C6E6-4B04-9441-219554298341}"
EndProject
Project("{9A19103F-16F7-4668-BE54-9A1E7A4F7556}") = "API.Core", "API.Core\API.Core.csproj", "{86C0ADF6-5AF9-4E4C-85CB-6FF294267B35}"
EndProject
Project("{FAE04EC0-301F-11D3-BF4B-00C04F79EFBC}") = "AuthAPI", "AuthAPI\AuthAPI.csproj", "{B76C8754-61FC-4AD3-BF3C-5B45061F92CF}"
EndProject
Project("{FAE04EC0-301F-11D3-BF4B-00C04F79EFBC}") = "APIClient", "APIClient\APIClient.csproj", "{F2ADC2E4-BEC0-4A7D-A936-81B2FB2D7129}"
EndProject
Global
	GlobalSection(SolutionConfigurationPlatforms) = preSolution
		Debug|Any CPU = Debug|Any CPU
		Release|Any CPU = Release|Any CPU
	EndGlobalSection
	GlobalSection(ProjectConfigurationPlatforms) = postSolution
		{381DBCFF-C6E6-4B04-9441-219554298341}.Debug|Any CPU.ActiveCfg = Debug|Any CPU
		{381DBCFF-C6E6-4B04-9441-219554298341}.Debug|Any CPU.Build.0 = Debug|Any CPU
		{381DBCFF-C6E6-4B04-9441-219554298341}.Release|Any CPU.ActiveCfg = Release|Any CPU
		{381DBCFF-C6E6-4B04-9441-219554298341}.Release|Any CPU.Build.0 = Release|Any CPU
		{86C0ADF6-5AF9-4E4C-85CB-6FF294267B35}.Debug|Any CPU.ActiveCfg = Debug|Any CPU
		{86C0ADF6-5AF9-4E4C-85CB-6FF294267B35}.Debug|Any CPU.Build.0 = Debug|Any CPU
		{86C0ADF6-5AF9-4E4C-85CB-6FF294267B35}.Release|Any CPU.ActiveCfg = Release|Any CPU
		{86C0ADF6-5AF9-4E4C-85CB-6FF294267B35}.Release|Any CPU.Build.0 = Release|Any CPU
		{B76C8754-61FC-4AD3-BF3C-5B45061F92CF}.Debug|Any CPU.ActiveCfg = Debug|Any CPU
		{B76C8754-61FC-4AD3-BF3C-5B45061F92CF}.Debug|Any CPU.Build.0 = Debug|Any CPU
		{B76C8754-61FC-4AD3-BF3C-5B45061F92CF}.Release|Any CPU.ActiveCfg = Release|Any CPU
		{B76C8754-61FC-4AD3-BF3C-5B45061F92CF}.Release|Any CPU.Build.0 = Release|Any CPU
		{F2ADC2E4-BEC0-4A7D-A936-81B2FB2D7129}.Debug|Any CPU.ActiveCfg = Debug|Any CPU
		{F2ADC2E4-BEC0-4A7D-A936-81B2FB2D7129}.Debug|Any CPU.Build.0 = Debug|Any CPU
		{F2ADC2E4-BEC0-4A7D-A936-81B2FB2D7129}.Release|Any CPU.ActiveCfg = Release|Any CPU
		{F2ADC2E4-BEC0-4A7D-A936-81B2FB2D7129}.Release|Any CPU.Build.0 = Release|Any CPU
	EndGlobalSection
	GlobalSection(SolutionProperties) = preSolution
		HideSolutionNode = FALSE
	EndGlobalSection
	GlobalSection(ExtensibilityGlobals) = postSolution
		SolutionGuid = {FE32AC92-BC9B-402D-8B4D-91CE468C883A}
	EndGlobalSection
EndGlobal
